PODS:
  - FBSnapshotTestCase (2.1.4):
    - FBSnapshotTestCase/SwiftSupport (= 2.1.4)
  - FBSnapshotTestCase/Core (2.1.4)
  - FBSnapshotTestCase/SwiftSupport (2.1.4):
    - FBSnapshotTestCase/Core
  - hl (0.1.1)

DEPENDENCIES:
  - FBSnapshotTestCase
  - hl (from `../`)

SPEC REPOS:
  trunk:
    - FBSnapshotTestCase

EXTERNAL SOURCES:
  hl:
    :path: "../"

SPEC CHECKSUMS:
  FBSnapshotTestCase: 094f9f314decbabe373b87cc339bea235a63e07a
  hl: 089a5af5ad8f5999efdff77df0064a354412ef81

PODFILE CHECKSUM: 07a40b9059d0b118f167f16972268e548265c0a0

COCOAPODS: 1.10.0
